
Microsoft Visual Studio Solution File, Format Version 12.00
# Visual Studio 14
VisualStudioVersion = 14.0.25420.1
MinimumVisualStudioVersion = 10.0.40219.1
Project("{FAE04EC0-301F-11D3-BF4B-00C04F79EFBC}") = "PullToRefresh", "PullToRefresh\PullToRefresh\PullToRefresh.csproj", "{9C02CA8F-FD27-4FE6-B0CC-5F0F6FA43058}"
EndProject
Project("{FAE04EC0-301F-11D3-BF4B-00C04F79EFBC}") = "PullToRefresh.Droid", "PullToRefresh\PullToRefresh.Droid\PullToRefresh.Droid.csproj", "{E609C2AE-8BE5-441C-91E4-AF88EF35E3A5}"
EndProject
Project("{FAE04EC0-301F-11D3-BF4B-00C04F79EFBC}") = "PullToRefresh.iOS", "PullToRefresh\PullToRefresh.iOS\PullToRefresh.iOS.csproj", "{7167262A-D7D9-4B72-A996-BC4B5FD43898}"
EndProject
Project("{FAE04EC0-301F-11D3-BF4B-00C04F79EFBC}") = "PullToRefresh.WinPhone", "PullToRefresh\PullToRefresh.WinPhone\PullToRefresh.WinPhone.csproj", "{78717CDD-E916-4E71-A0B1-54A6D87D534E}"
EndProject
Project("{FAE04EC0-301F-11D3-BF4B-00C04F79EFBC}") = "PullToRefresh.UWP", "PullToRefresh\PullToRefresh.UWP\PullToRefresh.UWP.csproj", "{BE1133F5-652D-4B7C-AC0B-ED7E3ABDF17C}"
EndProject
Project("{FAE04EC0-301F-11D3-BF4B-00C04F79EFBC}") = "PullToRefresh.Windows", "PullToRefresh\PullToRefresh.Windows\PullToRefresh.Windows.csproj", "{0DD6855B-5B60-4F14-91ED-40452853E263}"
EndProject
Global
	GlobalSection(SolutionConfigurationPlatforms) = preSolution
		Ad-Hoc|Any CPU = Ad-Hoc|Any CPU
		Ad-Hoc|ARM = Ad-Hoc|ARM
		Ad-Hoc|iPhone = Ad-Hoc|iPhone
		Ad-Hoc|iPhoneSimulator = Ad-Hoc|iPhoneSimulator
		Ad-Hoc|x64 = Ad-Hoc|x64
		Ad-Hoc|x86 = Ad-Hoc|x86
		AppStore|Any CPU = AppStore|Any CPU
		AppStore|ARM = AppStore|ARM
		AppStore|iPhone = AppStore|iPhone
		AppStore|iPhoneSimulator = AppStore|iPhoneSimulator
		AppStore|x64 = AppStore|x64
		AppStore|x86 = AppStore|x86
		Debug|Any CPU = Debug|Any CPU
		Debug|ARM = Debug|ARM
		Debug|iPhone = Debug|iPhone
		Debug|iPhoneSimulator = Debug|iPhoneSimulator
		Debug|x64 = Debug|x64
		Debug|x86 = Debug|x86
		Release|Any CPU = Release|Any CPU
		Release|ARM = Release|ARM
		Release|iPhone = Release|iPhone
		Release|iPhoneSimulator = Release|iPhoneSimulator
		Release|x64 = Release|x64
		Release|x86 = Release|x86
	EndGlobalSection
	GlobalSection(ProjectConfigurationPlatforms) = postSolution
		{9C02CA8F-FD27-4FE6-B0CC-5F0F6FA43058}.Ad-Hoc|Any CPU.ActiveCfg = Release|Any CPU
		{9C02CA8F-FD27-4FE6-B0CC-5F0F6FA43058}.Ad-Hoc|Any CPU.Build.0 = Release|Any CPU
		{9C02CA8F-FD27-4FE6-B0CC-5F0F6FA43058}.Ad-Hoc|ARM.ActiveCfg = Release|Any CPU
		{9C02CA8F-FD27-4FE6-B0CC-5F0F6FA43058}.Ad-Hoc|ARM.Build.0 = Release|Any CPU
		{9C02CA8F-FD27-4FE6-B0CC-5F0F6FA43058}.Ad-Hoc|iPhone.ActiveCfg = Release|Any CPU
		{9C02CA8F-FD27-4FE6-B0CC-5F0F6FA43058}.Ad-Hoc|iPhone.Build.0 = Release|Any CPU
		{9C02CA8F-FD27-4FE6-B0CC-5F0F6FA43058}.Ad-Hoc|iPhoneSimulator.ActiveCfg = Release|Any CPU
		{9C02CA8F-FD27-4FE6-B0CC-5F0F6FA43058}.Ad-Hoc|iPhoneSimulator.Build.0 = Release|Any CPU
		{9C02CA8F-FD27-4FE6-B0CC-5F0F6FA43058}.Ad-Hoc|x64.ActiveCfg = Release|Any CPU
		{9C02CA8F-FD27-4FE6-B0CC-5F0F6FA43058}.Ad-Hoc|x64.Build.0 = Release|Any CPU
		{9C02CA8F-FD27-4FE6-B0CC-5F0F6FA43058}.Ad-Hoc|x86.ActiveCfg = Release|Any CPU
		{9C02CA8F-FD27-4FE6-B0CC-5F0F6FA43058}.Ad-Hoc|x86.Build.0 = Release|Any CPU
		{9C02CA8F-FD27-4FE6-B0CC-5F0F6FA43058}.AppStore|Any CPU.ActiveCfg = Release|Any CPU
		{9C02CA8F-FD27-4FE6-B0CC-5F0F6FA43058}.AppStore|Any CPU.Build.0 = Release|Any CPU
		{9C02CA8F-FD27-4FE6-B0CC-5F0F6FA43058}.AppStore|ARM.ActiveCfg = Release|Any CPU
		{9C02CA8F-FD27-4FE6-B0CC-5F0F6FA43058}.AppStore|ARM.Build.0 = Release|Any CPU
		{9C02CA8F-FD27-4FE6-B0CC-5F0F6FA43058}.AppStore|iPhone.ActiveCfg = Release|Any CPU
		{9C02CA8F-FD27-4FE6-B0CC-5F0F6FA43058}.AppStore|iPhone.Build.0 = Release|Any CPU
		{9C02CA8F-FD27-4FE6-B0CC-5F0F6FA43058}.AppStore|iPhoneSimulator.ActiveCfg = Release|Any CPU
		{9C02CA8F-FD27-4FE6-B0CC-5F0F6FA43058}.AppStore|iPhoneSimulator.Build.0 = Release|Any CPU
		{9C02CA8F-FD27-4FE6-B0CC-5F0F6FA43058}.AppStore|x64.ActiveCfg = Release|Any CPU
		{9C02CA8F-FD27-4FE6-B0CC-5F0F6FA43058}.AppStore|x64.Build.0 = Release|Any CPU
		{9C02CA8F-FD27-4FE6-B0CC-5F0F6FA43058}.AppStore|x86.ActiveCfg = Release|Any CPU
		{9C02CA8F-FD27-4FE6-B0CC-5F0F6FA43058}.AppStore|x86.Build.0 = Release|Any CPU
		{9C02CA8F-FD27-4FE6-B0CC-5F0F6FA43058}.Debug|Any CPU.ActiveCfg = Debug|Any CPU
		{9C02CA8F-FD27-4FE6-B0CC-5F0F6FA43058}.Debug|Any CPU.Build.0 = Debug|Any CPU
		{9C02CA8F-FD27-4FE6-B0CC-5F0F6FA43058}.Debug|ARM.ActiveCfg = Debug|Any CPU
		{9C02CA8F-FD27-4FE6-B0CC-5F0F6FA43058}.Debug|ARM.Build.0 = Debug|Any CPU
		{9C02CA8F-FD27-4FE6-B0CC-5F0F6FA43058}.Debug|iPhone.ActiveCfg = Debug|Any CPU
		{9C02CA8F-FD27-4FE6-B0CC-5F0F6FA43058}.Debug|iPhone.Build.0 = Debug|Any CPU
		{9C02CA8F-FD27-4FE6-B0CC-5F0F6FA43058}.Debug|iPhoneSimulator.ActiveCfg = Debug|Any CPU
		{9C02CA8F-FD27-4FE6-B0CC-5F0F6FA43058}.Debug|iPhoneSimulator.Build.0 = Debug|Any CPU
		{9C02CA8F-FD27-4FE6-B0CC-5F0F6FA43058}.Debug|x64.ActiveCfg = Debug|Any CPU
		{9C02CA8F-FD27-4FE6-B0CC-5F0F6FA43058}.Debug|x64.Build.0 = Debug|Any CPU
		{9C02CA8F-FD27-4FE6-B0CC-5F0F6FA43058}.Debug|x86.ActiveCfg = Debug|Any CPU
		{9C02CA8F-FD27-4FE6-B0CC-5F0F6FA43058}.Debug|x86.Build.0 = Debug|Any CPU
		{9C02CA8F-FD27-4FE6-B0CC-5F0F6FA43058}.Release|Any CPU.ActiveCfg = Release|Any CPU
		{9C02CA8F-FD27-4FE6-B0CC-5F0F6FA43058}.Release|Any CPU.Build.0 = Release|Any CPU
		{9C02CA8F-FD27-4FE6-B0CC-5F0F6FA43058}.Release|ARM.ActiveCfg = Release|Any CPU
		{9C02CA8F-FD27-4FE6-B0CC-5F0F6FA43058}.Release|ARM.Build.0 = Release|Any CPU
		{9C02CA8F-FD27-4FE6-B0CC-5F0F6FA43058}.Release|iPhone.ActiveCfg = Release|Any CPU
		{9C02CA8F-FD27-4FE6-B0CC-5F0F6FA43058}.Release|iPhone.Build.0 = Release|Any CPU
		{9C02CA8F-FD27-4FE6-B0CC-5F0F6FA43058}.Release|iPhoneSimulator.ActiveCfg = Release|Any CPU
		{9C02CA8F-FD27-4FE6-B0CC-5F0F6FA43058}.Release|iPhoneSimulator.Build.0 = Release|Any CPU
		{9C02CA8F-FD27-4FE6-B0CC-5F0F6FA43058}.Release|x64.ActiveCfg = Release|Any CPU
		{9C02CA8F-FD27-4FE6-B0CC-5F0F6FA43058}.Release|x64.Build.0 = Release|Any CPU
		{9C02CA8F-FD27-4FE6-B0CC-5F0F6FA43058}.Release|x86.ActiveCfg = Release|Any CPU
		{9C02CA8F-FD27-4FE6-B0CC-5F0F6FA43058}.Release|x86.Build.0 = Release|Any CPU
		{E609C2AE-8BE5-441C-91E4-AF88EF35E3A5}.Ad-Hoc|Any CPU.ActiveCfg = Release|Any CPU
		{E609C2AE-8BE5-441C-91E4-AF88EF35E3A5}.Ad-Hoc|Any CPU.Build.0 = Release|Any CPU
		{E609C2AE-8BE5-441C-91E4-AF88EF35E3A5}.Ad-Hoc|Any CPU.Deploy.0 = Release|Any CPU
		{E609C2AE-8BE5-441C-91E4-AF88EF35E3A5}.Ad-Hoc|ARM.ActiveCfg = Release|Any CPU
		{E609C2AE-8BE5-441C-91E4-AF88EF35E3A5}.Ad-Hoc|ARM.Build.0 = Release|Any CPU
		{E609C2AE-8BE5-441C-91E4-AF88EF35E3A5}.Ad-Hoc|ARM.Deploy.0 = Release|Any CPU
		{E609C2AE-8BE5-441C-91E4-AF88EF35E3A5}.Ad-Hoc|iPhone.ActiveCfg = Release|Any CPU
		{E609C2AE-8BE5-441C-91E4-AF88EF35E3A5}.Ad-Hoc|iPhone.Build.0 = Release|Any CPU
		{E609C2AE-8BE5-441C-91E4-AF88EF35E3A5}.Ad-Hoc|iPhone.Deploy.0 = Release|Any CPU
		{E609C2AE-8BE5-441C-91E4-AF88EF35E3A5}.Ad-Hoc|iPhoneSimulator.ActiveCfg = Release|Any CPU
		{E609C2AE-8BE5-441C-91E4-AF88EF35E3A5}.Ad-Hoc|iPhoneSimulator.Build.0 = Release|Any CPU
		{E609C2AE-8BE5-441C-91E4-AF88EF35E3A5}.Ad-Hoc|iPhoneSimulator.Deploy.0 = Release|Any CPU
		{E609C2AE-8BE5-441C-91E4-AF88EF35E3A5}.Ad-Hoc|x64.ActiveCfg = Release|Any CPU
		{E609C2AE-8BE5-441C-91E4-AF88EF35E3A5}.Ad-Hoc|x64.Build.0 = Release|Any CPU
		{E609C2AE-8BE5-441C-91E4-AF88EF35E3A5}.Ad-Hoc|x64.Deploy.0 = Release|Any CPU
		{E609C2AE-8BE5-441C-91E4-AF88EF35E3A5}.Ad-Hoc|x86.ActiveCfg = Release|Any CPU
		{E609C2AE-8BE5-441C-91E4-AF88EF35E3A5}.Ad-Hoc|x86.Build.0 = Release|Any CPU
		{E609C2AE-8BE5-441C-91E4-AF88EF35E3A5}.Ad-Hoc|x86.Deploy.0 = Release|Any CPU
		{E609C2AE-8BE5-441C-91E4-AF88EF35E3A5}.AppStore|Any CPU.ActiveCfg = Release|Any CPU
		{E609C2AE-8BE5-441C-91E4-AF88EF35E3A5}.AppStore|Any CPU.Build.0 = Release|Any CPU
		{E609C2AE-8BE5-441C-91E4-AF88EF35E3A5}.AppStore|Any CPU.Deploy.0 = Release|Any CPU
		{E609C2AE-8BE5-441C-91E4-AF88EF35E3A5}.AppStore|ARM.ActiveCfg = Release|Any CPU
		{E609C2AE-8BE5-441C-91E4-AF88EF35E3A5}.AppStore|ARM.Build.0 = Release|Any CPU
		{E609C2AE-8BE5-441C-91E4-AF88EF35E3A5}.AppStore|ARM.Deploy.0 = Release|Any CPU
		{E609C2AE-8BE5-441C-91E4-AF88EF35E3A5}.AppStore|iPhone.ActiveCfg = Release|Any CPU
		{E609C2AE-8BE5-441C-91E4-AF88EF35E3A5}.AppStore|iPhone.Build.0 = Release|Any CPU
		{E609C2AE-8BE5-441C-91E4-AF88EF35E3A5}.AppStore|iPhone.Deploy.0 = Release|Any CPU
		{E609C2AE-8BE5-441C-91E4-AF88EF35E3A5}.AppStore|iPhoneSimulator.ActiveCfg = Release|Any CPU
		{E609C2AE-8BE5-441C-91E4-AF88EF35E3A5}.AppStore|iPhoneSimulator.Build.0 = Release|Any CPU
		{E609C2AE-8BE5-441C-91E4-AF88EF35E3A5}.AppStore|iPhoneSimulator.Deploy.0 = Release|Any CPU
		{E609C2AE-8BE5-441C-91E4-AF88EF35E3A5}.AppStore|x64.ActiveCfg = Release|Any CPU
		{E609C2AE-8BE5-441C-91E4-AF88EF35E3A5}.AppStore|x64.Build.0 = Release|Any CPU
		{E609C2AE-8BE5-441C-91E4-AF88EF35E3A5}.AppStore|x64.Deploy.0 = Release|Any CPU
		{E609C2AE-8BE5-441C-91E4-AF88EF35E3A5}.AppStore|x86.ActiveCfg = Release|Any CPU
		{E609C2AE-8BE5-441C-91E4-AF88EF35E3A5}.AppStore|x86.Build.0 = Release|Any CPU
		{E609C2AE-8BE5-441C-91E4-AF88EF35E3A5}.AppStore|x86.Deploy.0 = Release|Any CPU
		{E609C2AE-8BE5-441C-91E4-AF88EF35E3A5}.Debug|Any CPU.ActiveCfg = Debug|Any CPU
		{E609C2AE-8BE5-441C-91E4-AF88EF35E3A5}.Debug|Any CPU.Build.0 = Debug|Any CPU
		{E609C2AE-8BE5-441C-91E4-AF88EF35E3A5}.Debug|Any CPU.Deploy.0 = Debug|Any CPU
		{E609C2AE-8BE5-441C-91E4-AF88EF35E3A5}.Debug|ARM.ActiveCfg = Debug|Any CPU
		{E609C2AE-8BE5-441C-91E4-AF88EF35E3A5}.Debug|ARM.Build.0 = Debug|Any CPU
		{E609C2AE-8BE5-441C-91E4-AF88EF35E3A5}.Debug|ARM.Deploy.0 = Debug|Any CPU
		{E609C2AE-8BE5-441C-91E4-AF88EF35E3A5}.Debug|iPhone.ActiveCfg = Debug|Any CPU
		{E609C2AE-8BE5-441C-91E4-AF88EF35E3A5}.Debug|iPhone.Build.0 = Debug|Any CPU
		{E609C2AE-8BE5-441C-91E4-AF88EF35E3A5}.Debug|iPhone.Deploy.0 = Debug|Any CPU
		{E609C2AE-8BE5-441C-91E4-AF88EF35E3A5}.Debug|iPhoneSimulator.ActiveCfg = Debug|Any CPU
		{E609C2AE-8BE5-441C-91E4-AF88EF35E3A5}.Debug|iPhoneSimulator.Build.0 = Debug|Any CPU
		{E609C2AE-8BE5-441C-91E4-AF88EF35E3A5}.Debug|iPhoneSimulator.Deploy.0 = Debug|Any CPU
		{E609C2AE-8BE5-441C-91E4-AF88EF35E3A5}.Debug|x64.ActiveCfg = Debug|Any CPU
		{E609C2AE-8BE5-441C-91E4-AF88EF35E3A5}.Debug|x64.Build.0 = Debug|Any CPU
		{E609C2AE-8BE5-441C-91E4-AF88EF35E3A5}.Debug|x64.Deploy.0 = Debug|Any CPU
		{E609C2AE-8BE5-441C-91E4-AF88EF35E3A5}.Debug|x86.ActiveCfg = Debug|Any CPU
		{E609C2AE-8BE5-441C-91E4-AF88EF35E3A5}.Debug|x86.Build.0 = Debug|Any CPU
		{E609C2AE-8BE5-441C-91E4-AF88EF35E3A5}.Debug|x86.Deploy.0 = Debug|Any CPU
		{E609C2AE-8BE5-441C-91E4-AF88EF35E3A5}.Release|Any CPU.ActiveCfg = Release|Any CPU
		{E609C2AE-8BE5-441C-91E4-AF88EF35E3A5}.Release|Any CPU.Build.0 = Release|Any CPU
		{E609C2AE-8BE5-441C-91E4-AF88EF35E3A5}.Release|Any CPU.Deploy.0 = Release|Any CPU
		{E609C2AE-8BE5-441C-91E4-AF88EF35E3A5}.Release|ARM.ActiveCfg = Release|Any CPU
		{E609C2AE-8BE5-441C-91E4-AF88EF35E3A5}.Release|ARM.Build.0 = Release|Any CPU
		{E609C2AE-8BE5-441C-91E4-AF88EF35E3A5}.Release|ARM.Deploy.0 = Release|Any CPU
		{E609C2AE-8BE5-441C-91E4-AF88EF35E3A5}.Release|iPhone.ActiveCfg = Release|Any CPU
		{E609C2AE-8BE5-441C-91E4-AF88EF35E3A5}.Release|iPhone.Build.0 = Release|Any CPU
		{E609C2AE-8BE5-441C-91E4-AF88EF35E3A5}.Release|iPhone.Deploy.0 = Release|Any CPU
		{E609C2AE-8BE5-441C-91E4-AF88EF35E3A5}.Release|iPhoneSimulator.ActiveCfg = Release|Any CPU
		{E609C2AE-8BE5-441C-91E4-AF88EF35E3A5}.Release|iPhoneSimulator.Build.0 = Release|Any CPU
		{E609C2AE-8BE5-441C-91E4-AF88EF35E3A5}.Release|iPhoneSimulator.Deploy.0 = Release|Any CPU
		{E609C2AE-8BE5-441C-91E4-AF88EF35E3A5}.Release|x64.ActiveCfg = Release|Any CPU
		{E609C2AE-8BE5-441C-91E4-AF88EF35E3A5}.Release|x64.Build.0 = Release|Any CPU
		{E609C2AE-8BE5-441C-91E4-AF88EF35E3A5}.Release|x64.Deploy.0 = Release|Any CPU
		{E609C2AE-8BE5-441C-91E4-AF88EF35E3A5}.Release|x86.ActiveCfg = Release|Any CPU
		{E609C2AE-8BE5-441C-91E4-AF88EF35E3A5}.Release|x86.Build.0 = Release|Any CPU
		{E609C2AE-8BE5-441C-91E4-AF88EF35E3A5}.Release|x86.Deploy.0 = Release|Any CPU
		{7167262A-D7D9-4B72-A996-BC4B5FD43898}.Ad-Hoc|Any CPU.ActiveCfg = Ad-Hoc|iPhone
		{7167262A-D7D9-4B72-A996-BC4B5FD43898}.Ad-Hoc|ARM.ActiveCfg = Ad-Hoc|iPhone
		{7167262A-D7D9-4B72-A996-BC4B5FD43898}.Ad-Hoc|iPhone.ActiveCfg = Ad-Hoc|iPhone
		{7167262A-D7D9-4B72-A996-BC4B5FD43898}.Ad-Hoc|iPhone.Build.0 = Ad-Hoc|iPhone
		{7167262A-D7D9-4B72-A996-BC4B5FD43898}.Ad-Hoc|iPhoneSimulator.ActiveCfg = Ad-Hoc|iPhoneSimulator
		{7167262A-D7D9-4B72-A996-BC4B5FD43898}.Ad-Hoc|iPhoneSimulator.Build.0 = Ad-Hoc|iPhoneSimulator
		{7167262A-D7D9-4B72-A996-BC4B5FD43898}.Ad-Hoc|x64.ActiveCfg = Ad-Hoc|iPhone
		{7167262A-D7D9-4B72-A996-BC4B5FD43898}.Ad-Hoc|x86.ActiveCfg = Ad-Hoc|iPhone
		{7167262A-D7D9-4B72-A996-BC4B5FD43898}.AppStore|Any CPU.ActiveCfg = AppStore|iPhone
		{7167262A-D7D9-4B72-A996-BC4B5FD43898}.AppStore|ARM.ActiveCfg = AppStore|iPhone
		{7167262A-D7D9-4B72-A996-BC4B5FD43898}.AppStore|iPhone.ActiveCfg = AppStore|iPhone
		{7167262A-D7D9-4B72-A996-BC4B5FD43898}.AppStore|iPhone.Build.0 = AppStore|iPhone
		{7167262A-D7D9-4B72-A996-BC4B5FD43898}.AppStore|iPhoneSimulator.ActiveCfg = AppStore|iPhoneSimulator
		{7167262A-D7D9-4B72-A996-BC4B5FD43898}.AppStore|iPhoneSimulator.Build.0 = AppStore|iPhoneSimulator
		{7167262A-D7D9-4B72-A996-BC4B5FD43898}.AppStore|x64.ActiveCfg = AppStore|iPhone
		{7167262A-D7D9-4B72-A996-BC4B5FD43898}.AppStore|x86.ActiveCfg = AppStore|iPhone
		{7167262A-D7D9-4B72-A996-BC4B5FD43898}.Debug|Any CPU.ActiveCfg = Debug|iPhone
		{7167262A-D7D9-4B72-A996-BC4B5FD43898}.Debug|ARM.ActiveCfg = Debug|iPhone
		{7167262A-D7D9-4B72-A996-BC4B5FD43898}.Debug|iPhone.ActiveCfg = Debug|iPhone
		{7167262A-D7D9-4B72-A996-BC4B5FD43898}.Debug|iPhone.Build.0 = Debug|iPhone
		{7167262A-D7D9-4B72-A996-BC4B5FD43898}.Debug|iPhoneSimulator.ActiveCfg = Debug|iPhoneSimulator
		{7167262A-D7D9-4B72-A996-BC4B5FD43898}.Debug|iPhoneSimulator.Build.0 = Debug|iPhoneSimulator
		{7167262A-D7D9-4B72-A996-BC4B5FD43898}.Debug|x64.ActiveCfg = Debug|iPhone
		{7167262A-D7D9-4B72-A996-BC4B5FD43898}.Debug|x86.ActiveCfg = Debug|iPhone
		{7167262A-D7D9-4B72-A996-BC4B5FD43898}.Release|Any CPU.ActiveCfg = Release|iPhone
		{7167262A-D7D9-4B72-A996-BC4B5FD43898}.Release|ARM.ActiveCfg = Release|iPhone
		{7167262A-D7D9-4B72-A996-BC4B5FD43898}.Release|iPhone.ActiveCfg = Release|iPhone
		{7167262A-D7D9-4B72-A996-BC4B5FD43898}.Release|iPhone.Build.0 = Release|iPhone
		{7167262A-D7D9-4B72-A996-BC4B5FD43898}.Release|iPhoneSimulator.ActiveCfg = Release|iPhoneSimulator
		{7167262A-D7D9-4B72-A996-BC4B5FD43898}.Release|iPhoneSimulator.Build.0 = Release|iPhoneSimulator
		{7167262A-D7D9-4B72-A996-BC4B5FD43898}.Release|x64.ActiveCfg = Release|iPhone
		{7167262A-D7D9-4B72-A996-BC4B5FD43898}.Release|x86.ActiveCfg = Release|iPhone
		{78717CDD-E916-4E71-A0B1-54A6D87D534E}.Ad-Hoc|Any CPU.ActiveCfg = Release|Any CPU
		{78717CDD-E916-4E71-A0B1-54A6D87D534E}.Ad-Hoc|Any CPU.Build.0 = Release|Any CPU
		{78717CDD-E916-4E71-A0B1-54A6D87D534E}.Ad-Hoc|Any CPU.Deploy.0 = Release|Any CPU
		{78717CDD-E916-4E71-A0B1-54A6D87D534E}.Ad-Hoc|ARM.ActiveCfg = Release|ARM
		{78717CDD-E916-4E71-A0B1-54A6D87D534E}.Ad-Hoc|ARM.Build.0 = Release|ARM
		{78717CDD-E916-4E71-A0B1-54A6D87D534E}.Ad-Hoc|ARM.Deploy.0 = Release|ARM
		{78717CDD-E916-4E71-A0B1-54A6D87D534E}.Ad-Hoc|iPhone.ActiveCfg = Release|Any CPU
		{78717CDD-E916-4E71-A0B1-54A6D87D534E}.Ad-Hoc|iPhone.Build.0 = Release|Any CPU
		{78717CDD-E916-4E71-A0B1-54A6D87D534E}.Ad-Hoc|iPhone.Deploy.0 = Release|Any CPU
		{78717CDD-E916-4E71-A0B1-54A6D87D534E}.Ad-Hoc|iPhoneSimulator.ActiveCfg = Release|Any CPU
		{78717CDD-E916-4E71-A0B1-54A6D87D534E}.Ad-Hoc|iPhoneSimulator.Build.0 = Release|Any CPU
		{78717CDD-E916-4E71-A0B1-54A6D87D534E}.Ad-Hoc|iPhoneSimulator.Deploy.0 = Release|Any CPU
		{78717CDD-E916-4E71-A0B1-54A6D87D534E}.Ad-Hoc|x64.ActiveCfg = Release|Any CPU
		{78717CDD-E916-4E71-A0B1-54A6D87D534E}.Ad-Hoc|x64.Build.0 = Release|Any CPU
		{78717CDD-E916-4E71-A0B1-54A6D87D534E}.Ad-Hoc|x64.Deploy.0 = Release|Any CPU
		{78717CDD-E916-4E71-A0B1-54A6D87D534E}.Ad-Hoc|x86.ActiveCfg = Release|x86
		{78717CDD-E916-4E71-A0B1-54A6D87D534E}.Ad-Hoc|x86.Build.0 = Release|x86
		{78717CDD-E916-4E71-A0B1-54A6D87D534E}.Ad-Hoc|x86.Deploy.0 = Release|x86
		{78717CDD-E916-4E71-A0B1-54A6D87D534E}.AppStore|Any CPU.ActiveCfg = Release|Any CPU
		{78717CDD-E916-4E71-A0B1-54A6D87D534E}.AppStore|Any CPU.Build.0 = Release|Any CPU
		{78717CDD-E916-4E71-A0B1-54A6D87D534E}.AppStore|Any CPU.Deploy.0 = Release|Any CPU
		{78717CDD-E916-4E71-A0B1-54A6D87D534E}.AppStore|ARM.ActiveCfg = Release|ARM
		{78717CDD-E916-4E71-A0B1-54A6D87D534E}.AppStore|ARM.Build.0 = Release|ARM
		{78717CDD-E916-4E71-A0B1-54A6D87D534E}.AppStore|ARM.Deploy.0 = Release|ARM
		{78717CDD-E916-4E71-A0B1-54A6D87D534E}.AppStore|iPhone.ActiveCfg = Release|Any CPU
		{78717CDD-E916-4E71-A0B1-54A6D87D534E}.AppStore|iPhone.Build.0 = Release|Any CPU
		{78717CDD-E916-4E71-A0B1-54A6D87D534E}.AppStore|iPhone.Deploy.0 = Release|Any CPU
		{78717CDD-E916-4E71-A0B1-54A6D87D534E}.AppStore|iPhoneSimulator.ActiveCfg = Release|Any CPU
		{78717CDD-E916-4E71-A0B1-54A6D87D534E}.AppStore|iPhoneSimulator.Build.0 = Release|Any CPU
		{78717CDD-E916-4E71-A0B1-54A6D87D534E}.AppStore|iPhoneSimulator.Deploy.0 = Release|Any CPU
		{78717CDD-E916-4E71-A0B1-54A6D87D534E}.AppStore|x64.ActiveCfg = Release|Any CPU
		{78717CDD-E916-4E71-A0B1-54A6D87D534E}.AppStore|x64.Build.0 = Release|Any CPU
		{78717CDD-E916-4E71-A0B1-54A6D87D534E}.AppStore|x64.Deploy.0 = Release|Any CPU
		{78717CDD-E916-4E71-A0B1-54A6D87D534E}.AppStore|x86.ActiveCfg = Release|x86
		{78717CDD-E916-4E71-A0B1-54A6D87D534E}.AppStore|x86.Build.0 = Release|x86
		{78717CDD-E916-4E71-A0B1-54A6D87D534E}.AppStore|x86.Deploy.0 = Release|x86
		{78717CDD-E916-4E71-A0B1-54A6D87D534E}.Debug|Any CPU.ActiveCfg = Debug|Any CPU
		{78717CDD-E916-4E71-A0B1-54A6D87D534E}.Debug|Any CPU.Build.0 = Debug|Any CPU
		{78717CDD-E916-4E71-A0B1-54A6D87D534E}.Debug|Any CPU.Deploy.0 = Debug|Any CPU
		{78717CDD-E916-4E71-A0B1-54A6D87D534E}.Debug|ARM.ActiveCfg = Debug|ARM
		{78717CDD-E916-4E71-A0B1-54A6D87D534E}.Debug|ARM.Build.0 = Debug|ARM
		{78717CDD-E916-4E71-A0B1-54A6D87D534E}.Debug|ARM.Deploy.0 = Debug|ARM
		{78717CDD-E916-4E71-A0B1-54A6D87D534E}.Debug|iPhone.ActiveCfg = Debug|Any CPU
		{78717CDD-E916-4E71-A0B1-54A6D87D534E}.Debug|iPhone.Build.0 = Debug|Any CPU
		{78717CDD-E916-4E71-A0B1-54A6D87D534E}.Debug|iPhone.Deploy.0 = Debug|Any CPU
		{78717CDD-E916-4E71-A0B1-54A6D87D534E}.Debug|iPhoneSimulator.ActiveCfg = Debug|Any CPU
		{78717CDD-E916-4E71-A0B1-54A6D87D534E}.Debug|iPhoneSimulator.Build.0 = Debug|Any CPU
		{78717CDD-E916-4E71-A0B1-54A6D87D534E}.Debug|iPhoneSimulator.Deploy.0 = Debug|Any CPU
		{78717CDD-E916-4E71-A0B1-54A6D87D534E}.Debug|x64.ActiveCfg = Debug|Any CPU
		{78717CDD-E916-4E71-A0B1-54A6D87D534E}.Debug|x64.Build.0 = Debug|Any CPU
		{78717CDD-E916-4E71-A0B1-54A6D87D534E}.Debug|x64.Deploy.0 = Debug|Any CPU
		{78717CDD-E916-4E71-A0B1-54A6D87D534E}.Debug|x86.ActiveCfg = Debug|x86
		{78717CDD-E916-4E71-A0B1-54A6D87D534E}.Debug|x86.Build.0 = Debug|x86
		{78717CDD-E916-4E71-A0B1-54A6D87D534E}.Debug|x86.Deploy.0 = Debug|x86
		{78717CDD-E916-4E71-A0B1-54A6D87D534E}.Release|Any CPU.ActiveCfg = Release|Any CPU
		{78717CDD-E916-4E71-A0B1-54A6D87D534E}.Release|Any CPU.Build.0 = Release|Any CPU
		{78717CDD-E916-4E71-A0B1-54A6D87D534E}.Release|Any CPU.Deploy.0 = Release|Any CPU
		{78717CDD-E916-4E71-A0B1-54A6D87D534E}.Release|ARM.ActiveCfg = Release|ARM
		{78717CDD-E916-4E71-A0B1-54A6D87D534E}.Release|ARM.Build.0 = Release|ARM
		{78717CDD-E916-4E71-A0B1-54A6D87D534E}.Release|ARM.Deploy.0 = Release|ARM
		{78717CDD-E916-4E71-A0B1-54A6D87D534E}.Release|iPhone.ActiveCfg = Release|Any CPU
		{78717CDD-E916-4E71-A0B1-54A6D87D534E}.Release|iPhone.Build.0 = Release|Any CPU
		{78717CDD-E916-4E71-A0B1-54A6D87D534E}.Release|iPhone.Deploy.0 = Release|Any CPU
		{78717CDD-E916-4E71-A0B1-54A6D87D534E}.Release|iPhoneSimulator.ActiveCfg = Release|Any CPU
		{78717CDD-E916-4E71-A0B1-54A6D87D534E}.Release|iPhoneSimulator.Build.0 = Release|Any CPU
		{78717CDD-E916-4E71-A0B1-54A6D87D534E}.Release|iPhoneSimulator.Deploy.0 = Release|Any CPU
		{78717CDD-E916-4E71-A0B1-54A6D87D534E}.Release|x64.ActiveCfg = Release|Any CPU
		{78717CDD-E916-4E71-A0B1-54A6D87D534E}.Release|x64.Build.0 = Release|Any CPU
		{78717CDD-E916-4E71-A0B1-54A6D87D534E}.Release|x64.Deploy.0 = Release|Any CPU
		{78717CDD-E916-4E71-A0B1-54A6D87D534E}.Release|x86.ActiveCfg = Release|x86
		{78717CDD-E916-4E71-A0B1-54A6D87D534E}.Release|x86.Build.0 = Release|x86
		{78717CDD-E916-4E71-A0B1-54A6D87D534E}.Release|x86.Deploy.0 = Release|x86
		{BE1133F5-652D-4B7C-AC0B-ED7E3ABDF17C}.Ad-Hoc|Any CPU.ActiveCfg = Release|x86
		{BE1133F5-652D-4B7C-AC0B-ED7E3ABDF17C}.Ad-Hoc|Any CPU.Build.0 = Release|x86
		{BE1133F5-652D-4B7C-AC0B-ED7E3ABDF17C}.Ad-Hoc|Any CPU.Deploy.0 = Release|x86
		{BE1133F5-652D-4B7C-AC0B-ED7E3ABDF17C}.Ad-Hoc|ARM.ActiveCfg = Release|ARM
		{BE1133F5-652D-4B7C-AC0B-ED7E3ABDF17C}.Ad-Hoc|ARM.Build.0 = Release|ARM
		{BE1133F5-652D-4B7C-AC0B-ED7E3ABDF17C}.Ad-Hoc|ARM.Deploy.0 = Release|ARM
		{BE1133F5-652D-4B7C-AC0B-ED7E3ABDF17C}.Ad-Hoc|iPhone.ActiveCfg = Release|x86
		{BE1133F5-652D-4B7C-AC0B-ED7E3ABDF17C}.Ad-Hoc|iPhone.Build.0 = Release|x86
		{BE1133F5-652D-4B7C-AC0B-ED7E3ABDF17C}.Ad-Hoc|iPhone.Deploy.0 = Release|x86
		{BE1133F5-652D-4B7C-AC0B-ED7E3ABDF17C}.Ad-Hoc|iPhoneSimulator.ActiveCfg = Release|x86
		{BE1133F5-652D-4B7C-AC0B-ED7E3ABDF17C}.Ad-Hoc|iPhoneSimulator.Build.0 = Release|x86
		{BE1133F5-652D-4B7C-AC0B-ED7E3ABDF17C}.Ad-Hoc|iPhoneSimulator.Deploy.0 = Release|x86
		{BE1133F5-652D-4B7C-AC0B-ED7E3ABDF17C}.Ad-Hoc|x64.ActiveCfg = Release|x64
		{BE1133F5-652D-4B7C-AC0B-ED7E3ABDF17C}.Ad-Hoc|x64.Build.0 = Release|x64
		{BE1133F5-652D-4B7C-AC0B-ED7E3ABDF17C}.Ad-Hoc|x64.Deploy.0 = Release|x64
		{BE1133F5-652D-4B7C-AC0B-ED7E3ABDF17C}.Ad-Hoc|x86.ActiveCfg = Release|x86
		{BE1133F5-652D-4B7C-AC0B-ED7E3ABDF17C}.Ad-Hoc|x86.Build.0 = Release|x86
		{BE1133F5-652D-4B7C-AC0B-ED7E3ABDF17C}.Ad-Hoc|x86.Deploy.0 = Release|x86
		{BE1133F5-652D-4B7C-AC0B-ED7E3ABDF17C}.AppStore|Any CPU.ActiveCfg = Release|x86
		{BE1133F5-652D-4B7C-AC0B-ED7E3ABDF17C}.AppStore|Any CPU.Build.0 = Release|x86
		{BE1133F5-652D-4B7C-AC0B-ED7E3ABDF17C}.AppStore|Any CPU.Deploy.0 = Release|x86
		{BE1133F5-652D-4B7C-AC0B-ED7E3ABDF17C}.AppStore|ARM.ActiveCfg = Release|ARM
		{BE1133F5-652D-4B7C-AC0B-ED7E3ABDF17C}.AppStore|ARM.Build.0 = Release|ARM
		{BE1133F5-652D-4B7C-AC0B-ED7E3ABDF17C}.AppStore|ARM.Deploy.0 = Release|ARM
		{BE1133F5-652D-4B7C-AC0B-ED7E3ABDF17C}.AppStore|iPhone.ActiveCfg = Release|x86
		{BE1133F5-652D-4B7C-AC0B-ED7E3ABDF17C}.AppStore|iPhone.Build.0 = Release|x86
		{BE1133F5-652D-4B7C-AC0B-ED7E3ABDF17C}.AppStore|iPhone.Deploy.0 = Release|x86
		{BE1133F5-652D-4B7C-AC0B-ED7E3ABDF17C}.AppStore|iPhoneSimulator.ActiveCfg = Release|x86
		{BE1133F5-652D-4B7C-AC0B-ED7E3ABDF17C}.AppStore|iPhoneSimulator.Build.0 = Release|x86
		{BE1133F5-652D-4B7C-AC0B-ED7E3ABDF17C}.AppStore|iPhoneSimulator.Deploy.0 = Release|x86
		{BE1133F5-652D-4B7C-AC0B-ED7E3ABDF17C}.AppStore|x64.ActiveCfg = Release|x64
		{BE1133F5-652D-4B7C-AC0B-ED7E3ABDF17C}.AppStore|x64.Build.0 = Release|x64
		{BE1133F5-652D-4B7C-AC0B-ED7E3ABDF17C}.AppStore|x64.Deploy.0 = Release|x64
		{BE1133F5-652D-4B7C-AC0B-ED7E3ABDF17C}.AppStore|x86.ActiveCfg = Release|x86
		{BE1133F5-652D-4B7C-AC0B-ED7E3ABDF17C}.AppStore|x86.Build.0 = Release|x86
		{BE1133F5-652D-4B7C-AC0B-ED7E3ABDF17C}.AppStore|x86.Deploy.0 = Release|x86
		{BE1133F5-652D-4B7C-AC0B-ED7E3ABDF17C}.Debug|Any CPU.ActiveCfg = Debug|x86
		{BE1133F5-652D-4B7C-AC0B-ED7E3ABDF17C}.Debug|ARM.ActiveCfg = Debug|ARM
		{BE1133F5-652D-4B7C-AC0B-ED7E3ABDF17C}.Debug|ARM.Build.0 = Debug|ARM
		{BE1133F5-652D-4B7C-AC0B-ED7E3ABDF17C}.Debug|ARM.Deploy.0 = Debug|ARM
		{BE1133F5-652D-4B7C-AC0B-ED7E3ABDF17C}.Debug|iPhone.ActiveCfg = Debug|x86
		{BE1133F5-652D-4B7C-AC0B-ED7E3ABDF17C}.Debug|iPhoneSimulator.ActiveCfg = Debug|x86
		{BE1133F5-652D-4B7C-AC0B-ED7E3ABDF17C}.Debug|x64.ActiveCfg = Debug|x64
		{BE1133F5-652D-4B7C-AC0B-ED7E3ABDF17C}.Debug|x64.Build.0 = Debug|x64
		{BE1133F5-652D-4B7C-AC0B-ED7E3ABDF17C}.Debug|x64.Deploy.0 = Debug|x64
		{BE1133F5-652D-4B7C-AC0B-ED7E3ABDF17C}.Debug|x86.ActiveCfg = Debug|x86
		{BE1133F5-652D-4B7C-AC0B-ED7E3ABDF17C}.Debug|x86.Build.0 = Debug|x86
		{BE1133F5-652D-4B7C-AC0B-ED7E3ABDF17C}.Debug|x86.Deploy.0 = Debug|x86
		{BE1133F5-652D-4B7C-AC0B-ED7E3ABDF17C}.Release|Any CPU.ActiveCfg = Release|x86
		{BE1133F5-652D-4B7C-AC0B-ED7E3ABDF17C}.Release|ARM.ActiveCfg = Release|ARM
		{BE1133F5-652D-4B7C-AC0B-ED7E3ABDF17C}.Release|ARM.Build.0 = Release|ARM
		{BE1133F5-652D-4B7C-AC0B-ED7E3ABDF17C}.Release|ARM.Deploy.0 = Release|ARM
		{BE1133F5-652D-4B7C-AC0B-ED7E3ABDF17C}.Release|iPhone.ActiveCfg = Release|x86
		{BE1133F5-652D-4B7C-AC0B-ED7E3ABDF17C}.Release|iPhoneSimulator.ActiveCfg = Release|x86
		{BE1133F5-652D-4B7C-AC0B-ED7E3ABDF17C}.Release|x64.ActiveCfg = Release|x64
		{BE1133F5-652D-4B7C-AC0B-ED7E3ABDF17C}.Release|x64.Build.0 = Release|x64
		{BE1133F5-652D-4B7C-AC0B-ED7E3ABDF17C}.Release|x64.Deploy.0 = Release|x64
		{BE1133F5-652D-4B7C-AC0B-ED7E3ABDF17C}.Release|x86.ActiveCfg = Release|x86
		{BE1133F5-652D-4B7C-AC0B-ED7E3ABDF17C}.Release|x86.Build.0 = Release|x86
		{BE1133F5-652D-4B7C-AC0B-ED7E3ABDF17C}.Release|x86.Deploy.0 = Release|x86
		{0DD6855B-5B60-4F14-91ED-40452853E263}.Ad-Hoc|Any CPU.ActiveCfg = Release|Any CPU
		{0DD6855B-5B60-4F14-91ED-40452853E263}.Ad-Hoc|Any CPU.Build.0 = Release|Any CPU
		{0DD6855B-5B60-4F14-91ED-40452853E263}.Ad-Hoc|Any CPU.Deploy.0 = Release|Any CPU
		{0DD6855B-5B60-4F14-91ED-40452853E263}.Ad-Hoc|ARM.ActiveCfg = Release|ARM
		{0DD6855B-5B60-4F14-91ED-40452853E263}.Ad-Hoc|ARM.Build.0 = Release|ARM
		{0DD6855B-5B60-4F14-91ED-40452853E263}.Ad-Hoc|ARM.Deploy.0 = Release|ARM
		{0DD6855B-5B60-4F14-91ED-40452853E263}.Ad-Hoc|iPhone.ActiveCfg = Release|Any CPU
		{0DD6855B-5B60-4F14-91ED-40452853E263}.Ad-Hoc|iPhone.Build.0 = Release|Any CPU
		{0DD6855B-5B60-4F14-91ED-40452853E263}.Ad-Hoc|iPhone.Deploy.0 = Release|Any CPU
		{0DD6855B-5B60-4F14-91ED-40452853E263}.Ad-Hoc|iPhoneSimulator.ActiveCfg = Release|Any CPU
		{0DD6855B-5B60-4F14-91ED-40452853E263}.Ad-Hoc|iPhoneSimulator.Build.0 = Release|Any CPU
		{0DD6855B-5B60-4F14-91ED-40452853E263}.Ad-Hoc|iPhoneSimulator.Deploy.0 = Release|Any CPU
		{0DD6855B-5B60-4F14-91ED-40452853E263}.Ad-Hoc|x64.ActiveCfg = Release|x64
		{0DD6855B-5B60-4F14-91ED-40452853E263}.Ad-Hoc|x64.Build.0 = Release|x64
		{0DD6855B-5B60-4F14-91ED-40452853E263}.Ad-Hoc|x64.Deploy.0 = Release|x64
		{0DD6855B-5B60-4F14-91ED-40452853E263}.Ad-Hoc|x86.ActiveCfg = Release|x86
		{0DD6855B-5B60-4F14-91ED-40452853E263}.Ad-Hoc|x86.Build.0 = Release|x86
		{0DD6855B-5B60-4F14-91ED-40452853E263}.Ad-Hoc|x86.Deploy.0 = Release|x86
		{0DD6855B-5B60-4F14-91ED-40452853E263}.AppStore|Any CPU.ActiveCfg = Release|Any CPU
		{0DD6855B-5B60-4F14-91ED-40452853E263}.AppStore|Any CPU.Build.0 = Release|Any CPU
		{0DD6855B-5B60-4F14-91ED-40452853E263}.AppStore|Any CPU.Deploy.0 = Release|Any CPU
		{0DD6855B-5B60-4F14-91ED-40452853E263}.AppStore|ARM.ActiveCfg = Release|ARM
		{0DD6855B-5B60-4F14-91ED-40452853E263}.AppStore|ARM.Build.0 = Release|ARM
		{0DD6855B-5B60-4F14-91ED-40452853E263}.AppStore|ARM.Deploy.0 = Release|ARM
		{0DD6855B-5B60-4F14-91ED-40452853E263}.AppStore|iPhone.ActiveCfg = Release|Any CPU
		{0DD6855B-5B60-4F14-91ED-40452853E263}.AppStore|iPhone.Build.0 = Release|Any CPU
		{0DD6855B-5B60-4F14-91ED-40452853E263}.AppStore|iPhone.Deploy.0 = Release|Any CPU
		{0DD6855B-5B60-4F14-91ED-40452853E263}.AppStore|iPhoneSimulator.ActiveCfg = Release|Any CPU
		{0DD6855B-5B60-4F14-91ED-40452853E263}.AppStore|iPhoneSimulator.Build.0 = Release|Any CPU
		{0DD6855B-5B60-4F14-91ED-40452853E263}.AppStore|iPhoneSimulator.Deploy.0 = Release|Any CPU
		{0DD6855B-5B60-4F14-91ED-40452853E263}.AppStore|x64.ActiveCfg = Release|x64
		{0DD6855B-5B60-4F14-91ED-40452853E263}.AppStore|x64.Build.0 = Release|x64
		{0DD6855B-5B60-4F14-91ED-40452853E263}.AppStore|x64.Deploy.0 = Release|x64
		{0DD6855B-5B60-4F14-91ED-40452853E263}.AppStore|x86.ActiveCfg = Release|x86
		{0DD6855B-5B60-4F14-91ED-40452853E263}.AppStore|x86.Build.0 = Release|x86
		{0DD6855B-5B60-4F14-91ED-40452853E263}.AppStore|x86.Deploy.0 = Release|x86
		{0DD6855B-5B60-4F14-91ED-40452853E263}.Debug|Any CPU.ActiveCfg = Debug|Any CPU
		{0DD6855B-5B60-4F14-91ED-40452853E263}.Debug|Any CPU.Build.0 = Debug|Any CPU
		{0DD6855B-5B60-4F14-91ED-40452853E263}.Debug|Any CPU.Deploy.0 = Debug|Any CPU
		{0DD6855B-5B60-4F14-91ED-40452853E263}.Debug|ARM.ActiveCfg = Debug|ARM
		{0DD6855B-5B60-4F14-91ED-40452853E263}.Debug|ARM.Build.0 = Debug|ARM
		{0DD6855B-5B60-4F14-91ED-40452853E263}.Debug|ARM.Deploy.0 = Debug|ARM
		{0DD6855B-5B60-4F14-91ED-40452853E263}.Debug|iPhone.ActiveCfg = Debug|Any CPU
		{0DD6855B-5B60-4F14-91ED-40452853E263}.Debug|iPhone.Build.0 = Debug|Any CPU
		{0DD6855B-5B60-4F14-91ED-40452853E263}.Debug|iPhone.Deploy.0 = Debug|Any CPU
		{0DD6855B-5B60-4F14-91ED-40452853E263}.Debug|iPhoneSimulator.ActiveCfg = Debug|Any CPU
		{0DD6855B-5B60-4F14-91ED-40452853E263}.Debug|iPhoneSimulator.Build.0 = Debug|Any CPU
		{0DD6855B-5B60-4F14-91ED-40452853E263}.Debug|iPhoneSimulator.Deploy.0 = Debug|Any CPU
		{0DD6855B-5B60-4F14-91ED-40452853E263}.Debug|x64.ActiveCfg = Debug|x64
		{0DD6855B-5B60-4F14-91ED-40452853E263}.Debug|x64.Build.0 = Debug|x64
		{0DD6855B-5B60-4F14-91ED-40452853E263}.Debug|x64.Deploy.0 = Debug|x64
		{0DD6855B-5B60-4F14-91ED-40452853E263}.Debug|x86.ActiveCfg = Debug|x86
		{0DD6855B-5B60-4F14-91ED-40452853E263}.Debug|x86.Build.0 = Debug|x86
		{0DD6855B-5B60-4F14-91ED-40452853E263}.Debug|x86.Deploy.0 = Debug|x86
		{0DD6855B-5B60-4F14-91ED-40452853E263}.Release|Any CPU.ActiveCfg = Release|Any CPU
		{0DD6855B-5B60-4F14-91ED-40452853E263}.Release|Any CPU.Build.0 = Release|Any CPU
		{0DD6855B-5B60-4F14-91ED-40452853E263}.Release|Any CPU.Deploy.0 = Release|Any CPU
		{0DD6855B-5B60-4F14-91ED-40452853E263}.Release|ARM.ActiveCfg = Release|ARM
		{0DD6855B-5B60-4F14-91ED-40452853E263}.Release|ARM.Build.0 = Release|ARM
		{0DD6855B-5B60-4F14-91ED-40452853E263}.Release|ARM.Deploy.0 = Release|ARM
		{0DD6855B-5B60-4F14-91ED-40452853E263}.Release|iPhone.ActiveCfg = Release|Any CPU
		{0DD6855B-5B60-4F14-91ED-40452853E263}.Release|iPhone.Build.0 = Release|Any CPU
		{0DD6855B-5B60-4F14-91ED-40452853E263}.Release|iPhone.Deploy.0 = Release|Any CPU
		{0DD6855B-5B60-4F14-91ED-40452853E263}.Release|iPhoneSimulator.ActiveCfg = Release|Any CPU
		{0DD6855B-5B60-4F14-91ED-40452853E263}.Release|iPhoneSimulator.Build.0 = Release|Any CPU
		{0DD6855B-5B60-4F14-91ED-40452853E263}.Release|iPhoneSimulator.Deploy.0 = Release|Any CPU
		{0DD6855B-5B60-4F14-91ED-40452853E263}.Release|x64.ActiveCfg = Release|x64
		{0DD6855B-5B60-4F14-91ED-40452853E263}.Release|x64.Build.0 = Release|x64
		{0DD6855B-5B60-4F14-91ED-40452853E263}.Release|x64.Deploy.0 = Release|x64
		{0DD6855B-5B60-4F14-91ED-40452853E263}.Release|x86.ActiveCfg = Release|x86
		{0DD6855B-5B60-4F14-91ED-40452853E263}.Release|x86.Build.0 = Release|x86
		{0DD6855B-5B60-4F14-91ED-40452853E263}.Release|x86.Deploy.0 = Release|x86
	EndGlobalSection
	GlobalSection(SolutionProperties) = preSolution
		HideSolutionNode = FALSE
	EndGlobalSection
EndGlobal
